
Microsoft Visual Studio Solution File, Format Version 12.00
# Visual Studio Version 17
VisualStudioVersion = 17.14.36511.14 d17.14
MinimumVisualStudioVersion = 10.0.40219.1
Project("{FAE04EC0-301F-11D3-BF4B-00C04F79EFBC}") = "CampusLearn", "CampusLearn\CampusLearn.csproj", "{784091E9-E655-4AE5-964D-C0063486F52A}"
EndProject
Project("{2150E333-8FDC-42A3-9474-1A3956D46DE8}") = "Tests", "Tests", "{02EA681E-C7D8-13C7-8484-4AC65E1B71E8}"
EndProject
Project("{FAE04EC0-301F-11D3-BF4B-00C04F79EFBC}") = "CampusLearn.UITests", "CampusLearn.UITests\CampusLearn.UITests.csproj", "{B0366F64-FE9F-D344-67E0-1DC4A9B0D105}"
EndProject
Project("{FAE04EC0-301F-11D3-BF4B-00C04F79EFBC}") = "CampusLearn.Tests", "CampusLearn.Tests\CampusLearn.Tests.csproj", "{8584800D-A91B-7B7E-7205-6B0EDF5E368F}"
EndProject
Project("{2150E333-8FDC-42A3-9474-1A3956D46DE8}") = "Solution Items", "Solution Items", "{106A5FA0-03A6-4EA8-B22C-DF7F4F9EB9B4}"
	ProjectSection(SolutionItems) = preProject
		.gitignore = .gitignore
		Directory.Build.props = Directory.Build.props
		Directory.Build.targets = Directory.Build.targets
		Directory.Packages.props = Directory.Packages.props
		global.json = global.json
	EndProjectSection
EndProject
Global
	GlobalSection(SolutionConfigurationPlatforms) = preSolution
		Debug|Any CPU = Debug|Any CPU
		Release|Any CPU = Release|Any CPU
	EndGlobalSection
	GlobalSection(ProjectConfigurationPlatforms) = postSolution
		{784091E9-E655-4AE5-964D-C0063486F52A}.Debug|Any CPU.ActiveCfg = Debug|Any CPU
		{784091E9-E655-4AE5-964D-C0063486F52A}.Debug|Any CPU.Build.0 = Debug|Any CPU
		{784091E9-E655-4AE5-964D-C0063486F52A}.Debug|Any CPU.Deploy.0 = Debug|Any CPU
		{784091E9-E655-4AE5-964D-C0063486F52A}.Release|Any CPU.ActiveCfg = Release|Any CPU
		{784091E9-E655-4AE5-964D-C0063486F52A}.Release|Any CPU.Build.0 = Release|Any CPU
		{784091E9-E655-4AE5-964D-C0063486F52A}.Release|Any CPU.Deploy.0 = Release|Any CPU
		{B0366F64-FE9F-D344-67E0-1DC4A9B0D105}.Debug|Any CPU.ActiveCfg = Debug|Any CPU
		{B0366F64-FE9F-D344-67E0-1DC4A9B0D105}.Debug|Any CPU.Build.0 = Debug|Any CPU
		{B0366F64-FE9F-D344-67E0-1DC4A9B0D105}.Debug|Any CPU.Deploy.0 = Debug|Any CPU
		{B0366F64-FE9F-D344-67E0-1DC4A9B0D105}.Release|Any CPU.ActiveCfg = Release|Any CPU
		{B0366F64-FE9F-D344-67E0-1DC4A9B0D105}.Release|Any CPU.Build.0 = Release|Any CPU
		{B0366F64-FE9F-D344-67E0-1DC4A9B0D105}.Release|Any CPU.Deploy.0 = Release|Any CPU
		{8584800D-A91B-7B7E-7205-6B0EDF5E368F}.Debug|Any CPU.ActiveCfg = Debug|Any CPU
		{8584800D-A91B-7B7E-7205-6B0EDF5E368F}.Debug|Any CPU.Build.0 = Debug|Any CPU
		{8584800D-A91B-7B7E-7205-6B0EDF5E368F}.Debug|Any CPU.Deploy.0 = Debug|Any CPU
		{8584800D-A91B-7B7E-7205-6B0EDF5E368F}.Release|Any CPU.ActiveCfg = Release|Any CPU
		{8584800D-A91B-7B7E-7205-6B0EDF5E368F}.Release|Any CPU.Build.0 = Release|Any CPU
		{8584800D-A91B-7B7E-7205-6B0EDF5E368F}.Release|Any CPU.Deploy.0 = Release|Any CPU
	EndGlobalSection
	GlobalSection(SolutionProperties) = preSolution
		HideSolutionNode = FALSE
	EndGlobalSection
	GlobalSection(NestedProjects) = preSolution
		{B0366F64-FE9F-D344-67E0-1DC4A9B0D105} = {02EA681E-C7D8-13C7-8484-4AC65E1B71E8}
		{8584800D-A91B-7B7E-7205-6B0EDF5E368F} = {02EA681E-C7D8-13C7-8484-4AC65E1B71E8}
	EndGlobalSection
	GlobalSection(ExtensibilityGlobals) = postSolution
		SolutionGuid = {32917264-7492-4069-A647-700744443A2D}
	EndGlobalSection
EndGlobal
